
Microsoft Visual Studio Solution File, Format Version 12.00
# Visual Studio Version 17
VisualStudioVersion = 17.5.33424.131
MinimumVisualStudioVersion = 10.0.40219.1
Project("{9A19103F-16F7-4668-BE54-9A1E7A4F7556}") = "ConsoleApp", "ConsoleApp\ConsoleApp.csproj", "{21A98386-F465-4420-806F-933142570E82}"
EndProject
Project("{9A19103F-16F7-4668-BE54-9A1E7A4F7556}") = "DLL", "DLL\DLL.csproj", "{DF6F7ED7-1168-433A-B114-DCDAC0270519}"
EndProject
Project("{9A19103F-16F7-4668-BE54-9A1E7A4F7556}") = "BLL", "BLL\BLL.csproj", "{46B7DF17-FFA9-4485-B55B-98444FB87C25}"
EndProject
Project("{54435603-DBB4-11D2-8724-00A0C9A8B90C}") = "ListaObecności", "ListaObecności\ListaObecności.vdproj", "{72B30A57-E51B-4820-AED8-F4286A56F907}"
EndProject
Global
	GlobalSection(SolutionConfigurationPlatforms) = preSolution
		Debug|Any CPU = Debug|Any CPU
		Release|Any CPU = Release|Any CPU
	EndGlobalSection
	GlobalSection(ProjectConfigurationPlatforms) = postSolution
		{21A98386-F465-4420-806F-933142570E82}.Debug|Any CPU.ActiveCfg = Debug|Any CPU
		{21A98386-F465-4420-806F-933142570E82}.Debug|Any CPU.Build.0 = Debug|Any CPU
		{21A98386-F465-4420-806F-933142570E82}.Release|Any CPU.ActiveCfg = Release|Any CPU
		{21A98386-F465-4420-806F-933142570E82}.Release|Any CPU.Build.0 = Release|Any CPU
		{DF6F7ED7-1168-433A-B114-DCDAC0270519}.Debug|Any CPU.ActiveCfg = Debug|Any CPU
		{DF6F7ED7-1168-433A-B114-DCDAC0270519}.Debug|Any CPU.Build.0 = Debug|Any CPU
		{DF6F7ED7-1168-433A-B114-DCDAC0270519}.Release|Any CPU.ActiveCfg = Release|Any CPU
		{DF6F7ED7-1168-433A-B114-DCDAC0270519}.Release|Any CPU.Build.0 = Release|Any CPU
		{46B7DF17-FFA9-4485-B55B-98444FB87C25}.Debug|Any CPU.ActiveCfg = Debug|Any CPU
		{46B7DF17-FFA9-4485-B55B-98444FB87C25}.Debug|Any CPU.Build.0 = Debug|Any CPU
		{46B7DF17-FFA9-4485-B55B-98444FB87C25}.Release|Any CPU.ActiveCfg = Release|Any CPU
		{46B7DF17-FFA9-4485-B55B-98444FB87C25}.Release|Any CPU.Build.0 = Release|Any CPU
		{72B30A57-E51B-4820-AED8-F4286A56F907}.Debug|Any CPU.ActiveCfg = Debug
		{72B30A57-E51B-4820-AED8-F4286A56F907}.Release|Any CPU.ActiveCfg = Release
	EndGlobalSection
	GlobalSection(SolutionProperties) = preSolution
		HideSolutionNode = FALSE
	EndGlobalSection
	GlobalSection(ExtensibilityGlobals) = postSolution
		SolutionGuid = {5821FF22-84A4-44F3-AAD4-1346DBD20816}
	EndGlobalSection
EndGlobal
